
Microsoft Visual Studio Solution File, Format Version 12.00
# Visual Studio Version 16
VisualStudioVersion = 16.0.31424.327
MinimumVisualStudioVersion = 10.0.40219.1
Project("{FAE04EC0-301F-11D3-BF4B-00C04F79EFBC}") = "Authenticacion_surveyForm", "Authenticacion_surveyForm\Authenticacion_surveyForm.csproj", "{34CD029C-BCF4-4C6A-823E-4CFCAA12AC9A}"
EndProject
Project("{FAE04EC0-301F-11D3-BF4B-00C04F79EFBC}") = "SurveyFormWebApp", "SurveyFormWebApp\SurveyFormWebApp.csproj", "{AB86D0C5-96EE-4092-BB33-CC879CD41C01}"
EndProject
Global
	GlobalSection(SolutionConfigurationPlatforms) = preSolution
		Debug|Any CPU = Debug|Any CPU
		Release|Any CPU = Release|Any CPU
	EndGlobalSection
	GlobalSection(ProjectConfigurationPlatforms) = postSolution
		{34CD029C-BCF4-4C6A-823E-4CFCAA12AC9A}.Debug|Any CPU.ActiveCfg = Debug|Any CPU
		{34CD029C-BCF4-4C6A-823E-4CFCAA12AC9A}.Debug|Any CPU.Build.0 = Debug|Any CPU
		{34CD029C-BCF4-4C6A-823E-4CFCAA12AC9A}.Release|Any CPU.ActiveCfg = Release|Any CPU
		{34CD029C-BCF4-4C6A-823E-4CFCAA12AC9A}.Release|Any CPU.Build.0 = Release|Any CPU
		{AB86D0C5-96EE-4092-BB33-CC879CD41C01}.Debug|Any CPU.ActiveCfg = Debug|Any CPU
		{AB86D0C5-96EE-4092-BB33-CC879CD41C01}.Debug|Any CPU.Build.0 = Debug|Any CPU
		{AB86D0C5-96EE-4092-BB33-CC879CD41C01}.Release|Any CPU.ActiveCfg = Release|Any CPU
		{AB86D0C5-96EE-4092-BB33-CC879CD41C01}.Release|Any CPU.Build.0 = Release|Any CPU
	EndGlobalSection
	GlobalSection(SolutionProperties) = preSolution
		HideSolutionNode = FALSE
	EndGlobalSection
	GlobalSection(ExtensibilityGlobals) = postSolution
		SolutionGuid = {D414C925-A955-4CBC-BD1A-7BD77513C2A2}
	EndGlobalSection
EndGlobal
